
Microsoft Visual Studio Solution File, Format Version 12.00
# Visual Studio Version 17
VisualStudioVersion = 17.12.35527.113
MinimumVisualStudioVersion = 10.0.40219.1
Project("{FAE04EC0-301F-11D3-BF4B-00C04F79EFBC}") = "reservation", "reservation\reservation.csproj", "{0B4D6615-5157-4A87-8B61-00065F68D89B}"
EndProject
Project("{FAE04EC0-301F-11D3-BF4B-00C04F79EFBC}") = "TestReservation", "TestReservation\TestReservation.csproj", "{116AA344-9104-4E41-9781-1DDAC9C918BA}"
EndProject
Global
	GlobalSection(SolutionConfigurationPlatforms) = preSolution
		Debug|Any CPU = Debug|Any CPU
		Release|Any CPU = Release|Any CPU
	EndGlobalSection
	GlobalSection(ProjectConfigurationPlatforms) = postSolution
		{0B4D6615-5157-4A87-8B61-00065F68D89B}.Debug|Any CPU.ActiveCfg = Debug|Any CPU
		{0B4D6615-5157-4A87-8B61-00065F68D89B}.Debug|Any CPU.Build.0 = Debug|Any CPU
		{0B4D6615-5157-4A87-8B61-00065F68D89B}.Release|Any CPU.ActiveCfg = Release|Any CPU
		{0B4D6615-5157-4A87-8B61-00065F68D89B}.Release|Any CPU.Build.0 = Release|Any CPU
		{116AA344-9104-4E41-9781-1DDAC9C918BA}.Debug|Any CPU.ActiveCfg = Debug|Any CPU
		{116AA344-9104-4E41-9781-1DDAC9C918BA}.Debug|Any CPU.Build.0 = Debug|Any CPU
		{116AA344-9104-4E41-9781-1DDAC9C918BA}.Release|Any CPU.ActiveCfg = Release|Any CPU
		{116AA344-9104-4E41-9781-1DDAC9C918BA}.Release|Any CPU.Build.0 = Release|Any CPU
	EndGlobalSection
	GlobalSection(SolutionProperties) = preSolution
		HideSolutionNode = FALSE
	EndGlobalSection
EndGlobal
